// !$*UTF8*$!
{
	archiveVersion = 1;
	classes = {
	};
	objectVersion = 56;
	objects = {

/* Begin PBXBuildFile section */
		2DE71C852C94784300176C01 /* TestSPMActionsApp.swift in Sources */ = {isa = PBXBuildFile; fileRef = 2DE71C842C94784300176C01 /* TestSPMActionsApp.swift */; };
		2DE71C872C94784300176C01 /* ContentView.swift in Sources */ = {isa = PBXBuildFile; fileRef = 2DE71C862C94784300176C01 /* ContentView.swift */; };
		2DE71C892C94784500176C01 /* Assets.xcassets in Resources */ = {isa = PBXBuildFile; fileRef = 2DE71C882C94784500176C01 /* Assets.xcassets */; };
		2DE71C8C2C94784500176C01 /* Preview Assets.xcassets in Resources */ = {isa = PBXBuildFile; fileRef = 2DE71C8B2C94784500176C01 /* Preview Assets.xcassets */; };
		2DE71C962C94784500176C01 /* TestSPMActionsTests.swift in Sources */ = {isa = PBXBuildFile; fileRef = 2DE71C952C94784500176C01 /* TestSPMActionsTests.swift */; };
		2DE71CA02C94784500176C01 /* TestSPMActionsUITests.swift in Sources */ = {isa = PBXBuildFile; fileRef = 2DE71C9F2C94784500176C01 /* TestSPMActionsUITests.swift */; };
		2DE71CA22C94784500176C01 /* TestSPMActionsUITestsLaunchTests.swift in Sources */ = {isa = PBXBuildFile; fileRef = 2DE71CA12C94784500176C01 /* TestSPMActionsUITestsLaunchTests.swift */; };
/* End PBXBuildFile section */

/* Begin PBXContainerItemProxy section */
		2DE71C922C94784500176C01 /* PBXContainerItemProxy */ = {
			isa = PBXContainerItemProxy;
			containerPortal = 2DE71C792C94784300176C01 /* Project object */;
			proxyType = 1;
			remoteGlobalIDString = 2DE71C802C94784300176C01;
			remoteInfo = TestSPMActions;
		};
		2DE71C9C2C94784500176C01 /* PBXContainerItemProxy */ = {
			isa = PBXContainerItemProxy;
			containerPortal = 2DE71C792C94784300176C01 /* Project object */;
			proxyType = 1;
			remoteGlobalIDString = 2DE71C802C94784300176C01;
			remoteInfo = TestSPMActions;
		};
/* End PBXContainerItemProxy section */

/* Begin PBXFileReference section */
		2DE71C812C94784300176C01 /* TestSPMActions.app */ = {isa = PBXFileReference; explicitFileType = wrapper.application; includeInIndex = 0; path = TestSPMActions.app; sourceTree = BUILT_PRODUCTS_DIR; };
		2DE71C842C94784300176C01 /* TestSPMActionsApp.swift */ = {isa = PBXFileReference; lastKnownFileType = sourcecode.swift; path = TestSPMActionsApp.swift; sourceTree = "<group>"; };
		2DE71C862C94784300176C01 /* ContentView.swift */ = {isa = PBXFileReference; lastKnownFileType = sourcecode.swift; path = ContentView.swift; sourceTree = "<group>"; };
		2DE71C882C94784500176C01 /* Assets.xcassets */ = {isa = PBXFileReference; lastKnownFileType = folder.assetcatalog; path = Assets.xcassets; sourceTree = "<group>"; };
		2DE71C8B2C94784500176C01 /* Preview Assets.xcassets */ = {isa = PBXFileReference; lastKnownFileType = folder.assetcatalog; path = "Preview Assets.xcassets"; sourceTree = "<group>"; };
		2DE71C912C94784500176C01 /* TestSPMActionsTests.xctest */ = {isa = PBXFileReference; explicitFileType = wrapper.cfbundle; includeInIndex = 0; path = TestSPMActionsTests.xctest; sourceTree = BUILT_PRODUCTS_DIR; };
		2DE71C952C94784500176C01 /* TestSPMActionsTests.swift */ = {isa = PBXFileReference; lastKnownFileType = sourcecode.swift; path = TestSPMActionsTests.swift; sourceTree = "<group>"; };
		2DE71C9B2C94784500176C01 /* TestSPMActionsUITests.xctest */ = {isa = PBXFileReference; explicitFileType = wrapper.cfbundle; includeInIndex = 0; path = TestSPMActionsUITests.xctest; sourceTree = BUILT_PRODUCTS_DIR; };
		2DE71C9F2C94784500176C01 /* TestSPMActionsUITests.swift */ = {isa = PBXFileReference; lastKnownFileType = sourcecode.swift; path = TestSPMActionsUITests.swift; sourceTree = "<group>"; };
		2DE71CA12C94784500176C01 /* TestSPMActionsUITestsLaunchTests.swift */ = {isa = PBXFileReference; lastKnownFileType = sourcecode.swift; path = TestSPMActionsUITestsLaunchTests.swift; sourceTree = "<group>"; };
/* End PBXFileReference section */

/* Begin PBXFrameworksBuildPhase section */
		2DE71C7E2C94784300176C01 /* Frameworks */ = {
			isa = PBXFrameworksBuildPhase;
			buildActionMask = 2147483647;
			files = (
			);
			runOnlyForDeploymentPostprocessing = 0;
		};
		2DE71C8E2C94784500176C01 /* Frameworks */ = {
			isa = PBXFrameworksBuildPhase;
			buildActionMask = 2147483647;
			files = (
			);
			runOnlyForDeploymentPostprocessing = 0;
		};
		2DE71C982C94784500176C01 /* Frameworks */ = {
			isa = PBXFrameworksBuildPhase;
			buildActionMask = 2147483647;
			files = (
			);
			runOnlyForDeploymentPostprocessing = 0;
		};
/* End PBXFrameworksBuildPhase section */

/* Begin PBXGroup section */
		2DE71C782C94784300176C01 = {
			isa = PBXGroup;
			children = (
				2DE71C832C94784300176C01 /* TestSPMActions */,
				2DE71C942C94784500176C01 /* TestSPMActionsTests */,
				2DE71C9E2C94784500176C01 /* TestSPMActionsUITests */,
				2DE71C822C94784300176C01 /* Products */,
			);
			sourceTree = "<group>";
		};
		2DE71C822C94784300176C01 /* Products */ = {
			isa = PBXGroup;
			children = (
				2DE71C812C94784300176C01 /* TestSPMActions.app */,
				2DE71C912C94784500176C01 /* TestSPMActionsTests.xctest */,
				2DE71C9B2C94784500176C01 /* TestSPMActionsUITests.xctest */,
			);
			name = Products;
			sourceTree = "<group>";
		};
		2DE71C832C94784300176C01 /* TestSPMActions */ = {
			isa = PBXGroup;
			children = (
				2DE71C842C94784300176C01 /* TestSPMActionsApp.swift */,
				2DE71C862C94784300176C01 /* ContentView.swift */,
				2DE71C882C94784500176C01 /* Assets.xcassets */,
				2DE71C8A2C94784500176C01 /* Preview Content */,
			);
			path = TestSPMActions;
			sourceTree = "<group>";
		};
		2DE71C8A2C94784500176C01 /* Preview Content */ = {
			isa = PBXGroup;
			children = (
				2DE71C8B2C94784500176C01 /* Preview Assets.xcassets */,
			);
			path = "Preview Content";
			sourceTree = "<group>";
		};
		2DE71C942C94784500176C01 /* TestSPMActionsTests */ = {
			isa = PBXGroup;
			children = (
				2DE71C952C94784500176C01 /* TestSPMActionsTests.swift */,
			);
			path = TestSPMActionsTests;
			sourceTree = "<group>";
		};
		2DE71C9E2C94784500176C01 /* TestSPMActionsUITests */ = {
			isa = PBXGroup;
			children = (
				2DE71C9F2C94784500176C01 /* TestSPMActionsUITests.swift */,
				2DE71CA12C94784500176C01 /* TestSPMActionsUITestsLaunchTests.swift */,
			);
			path = TestSPMActionsUITests;
			sourceTree = "<group>";
		};
/* End PBXGroup section */

/* Begin PBXNativeTarget section */
		2DE71C802C94784300176C01 /* TestSPMActions */ = {
			isa = PBXNativeTarget;
			buildConfigurationList = 2DE71CA52C94784500176C01 /* Build configuration list for PBXNativeTarget "TestSPMActions" */;
			buildPhases = (
				2DE71C7D2C94784300176C01 /* Sources */,
				2DE71C7E2C94784300176C01 /* Frameworks */,
				2DE71C7F2C94784300176C01 /* Resources */,
			);
			buildRules = (
			);
			dependencies = (
			);
			name = TestSPMActions;
			packageProductDependencies = (
			);
			productName = TestSPMActions;
			productReference = 2DE71C812C94784300176C01 /* TestSPMActions.app */;
			productType = "com.apple.product-type.application";
		};
		2DE71C902C94784500176C01 /* TestSPMActionsTests */ = {
			isa = PBXNativeTarget;
			buildConfigurationList = 2DE71CA82C94784500176C01 /* Build configuration list for PBXNativeTarget "TestSPMActionsTests" */;
			buildPhases = (
				2DE71C8D2C94784500176C01 /* Sources */,
				2DE71C8E2C94784500176C01 /* Frameworks */,
				2DE71C8F2C94784500176C01 /* Resources */,
			);
			buildRules = (
			);
			dependencies = (
				2DE71C932C94784500176C01 /* PBXTargetDependency */,
			);
			name = TestSPMActionsTests;
			productName = TestSPMActionsTests;
			productReference = 2DE71C912C94784500176C01 /* TestSPMActionsTests.xctest */;
			productType = "com.apple.product-type.bundle.unit-test";
		};
		2DE71C9A2C94784500176C01 /* TestSPMActionsUITests */ = {
			isa = PBXNativeTarget;
			buildConfigurationList = 2DE71CAB2C94784500176C01 /* Build configuration list for PBXNativeTarget "TestSPMActionsUITests" */;
			buildPhases = (
				2DE71C972C94784500176C01 /* Sources */,
				2DE71C982C94784500176C01 /* Frameworks */,
				2DE71C992C94784500176C01 /* Resources */,
			);
			buildRules = (
			);
			dependencies = (
				2DE71C9D2C94784500176C01 /* PBXTargetDependency */,
			);
			name = TestSPMActionsUITests;
			productName = TestSPMActionsUITests;
			productReference = 2DE71C9B2C94784500176C01 /* TestSPMActionsUITests.xctest */;
			productType = "com.apple.product-type.bundle.ui-testing";
		};
/* End PBXNativeTarget section */

/* Begin PBXProject section */
		2DE71C792C94784300176C01 /* Project object */ = {
			isa = PBXProject;
			attributes = {
				BuildIndependentTargetsInParallel = 1;
				LastSwiftUpdateCheck = 1530;
				LastUpgradeCheck = 1530;
				TargetAttributes = {
					2DE71C802C94784300176C01 = {
						CreatedOnToolsVersion = 15.3;
					};
					2DE71C902C94784500176C01 = {
						CreatedOnToolsVersion = 15.3;
						TestTargetID = 2DE71C802C94784300176C01;
					};
					2DE71C9A2C94784500176C01 = {
						CreatedOnToolsVersion = 15.3;
						TestTargetID = 2DE71C802C94784300176C01;
					};
				};
			};
			buildConfigurationList = 2DE71C7C2C94784300176C01 /* Build configuration list for PBXProject "TestSPMActions" */;
			compatibilityVersion = "Xcode 14.0";
			developmentRegion = en;
			hasScannedForEncodings = 0;
			knownRegions = (
				en,
				Base,
			);
			mainGroup = 2DE71C782C94784300176C01;
			packageReferences = (
				2DE71CB32C94791700176C01 /* XCRemoteSwiftPackageReference "swift-collections" */,
			);
			productRefGroup = 2DE71C822C94784300176C01 /* Products */;
			projectDirPath = "";
			projectRoot = "";
			targets = (
				2DE71C802C94784300176C01 /* TestSPMActions */,
				2DE71C902C94784500176C01 /* TestSPMActionsTests */,
				2DE71C9A2C94784500176C01 /* TestSPMActionsUITests */,
			);
		};
/* End PBXProject section */

/* Begin PBXResourcesBuildPhase section */
		2DE71C7F2C94784300176C01 /* Resources */ = {
			isa = PBXResourcesBuildPhase;
			buildActionMask = 2147483647;
			files = (
				2DE71C8C2C94784500176C01 /* Preview Assets.xcassets in Resources */,
				2DE71C892C94784500176C01 /* Assets.xcassets in Resources */,
			);
			runOnlyForDeploymentPostprocessing = 0;
		};
		2DE71C8F2C94784500176C01 /* Resources */ = {
			isa = PBXResourcesBuildPhase;
			buildActionMask = 2147483647;
			files = (
			);
			runOnlyForDeploymentPostprocessing = 0;
		};
		2DE71C992C94784500176C01 /* Resources */ = {
			isa = PBXResourcesBuildPhase;
			buildActionMask = 2147483647;
			files = (
			);
			runOnlyForDeploymentPostprocessing = 0;
		};
/* End PBXResourcesBuildPhase section */

/* Begin PBXSourcesBuildPhase section */
		2DE71C7D2C94784300176C01 /* Sources */ = {
			isa = PBXSourcesBuildPhase;
			buildActionMask = 2147483647;
			files = (
				2DE71C872C94784300176C01 /* ContentView.swift in Sources */,
				2DE71C852C94784300176C01 /* TestSPMActionsApp.swift in Sources */,
			);
			runOnlyForDeploymentPostprocessing = 0;
		};
		2DE71C8D2C94784500176C01 /* Sources */ = {
			isa = PBXSourcesBuildPhase;
			buildActionMask = 2147483647;
			files = (
				2DE71C962C94784500176C01 /* TestSPMActionsTests.swift in Sources */,
			);
			runOnlyForDeploymentPostprocessing = 0;
		};
		2DE71C972C94784500176C01 /* Sources */ = {
			isa = PBXSourcesBuildPhase;
			buildActionMask = 2147483647;
			files = (
				2DE71CA02C94784500176C01 /* TestSPMActionsUITests.swift in Sources */,
				2DE71CA22C94784500176C01 /* TestSPMActionsUITestsLaunchTests.swift in Sources */,
			);
			runOnlyForDeploymentPostprocessing = 0;
		};
/* End PBXSourcesBuildPhase section */

/* Begin PBXTargetDependency section */
		2DE71C932C94784500176C01 /* PBXTargetDependency */ = {
			isa = PBXTargetDependency;
			target = 2DE71C802C94784300176C01 /* TestSPMActions */;
			targetProxy = 2DE71C922C94784500176C01 /* PBXContainerItemProxy */;
		};
		2DE71C9D2C94784500176C01 /* PBXTargetDependency */ = {
			isa = PBXTargetDependency;
			target = 2DE71C802C94784300176C01 /* TestSPMActions */;
			targetProxy = 2DE71C9C2C94784500176C01 /* PBXContainerItemProxy */;
		};
/* End PBXTargetDependency section */

/* Begin XCBuildConfiguration section */
		2DE71CA32C94784500176C01 /* Debug */ = {
			isa = XCBuildConfiguration;
			buildSettings = {
				ALWAYS_SEARCH_USER_PATHS = NO;
				ASSETCATALOG_COMPILER_GENERATE_SWIFT_ASSET_SYMBOL_EXTENSIONS = YES;
				CLANG_ANALYZER_NONNULL = YES;
				CLANG_ANALYZER_NUMBER_OBJECT_CONVERSION = YES_AGGRESSIVE;
				CLANG_CXX_LANGUAGE_STANDARD = "gnu++20";
				CLANG_ENABLE_MODULES = YES;
				CLANG_ENABLE_OBJC_ARC = YES;
				CLANG_ENABLE_OBJC_WEAK = YES;
				CLANG_WARN_BLOCK_CAPTURE_AUTORELEASING = YES;
				CLANG_WARN_BOOL_CONVERSION = YES;
				CLANG_WARN_COMMA = YES;
				CLANG_WARN_CONSTANT_CONVERSION = YES;
				CLANG_WARN_DEPRECATED_OBJC_IMPLEMENTATIONS = YES;
				CLANG_WARN_DIRECT_OBJC_ISA_USAGE = YES_ERROR;
				CLANG_WARN_DOCUMENTATION_COMMENTS = YES;
				CLANG_WARN_EMPTY_BODY = YES;
				CLANG_WARN_ENUM_CONVERSION = YES;
				CLANG_WARN_INFINITE_RECURSION = YES;
				CLANG_WARN_INT_CONVERSION = YES;
				CLANG_WARN_NON_LITERAL_NULL_CONVERSION = YES;
				CLANG_WARN_OBJC_IMPLICIT_RETAIN_SELF = YES;
				CLANG_WARN_OBJC_LITERAL_CONVERSION = YES;
				CLANG_WARN_OBJC_ROOT_CLASS = YES_ERROR;
				CLANG_WARN_QUOTED_INCLUDE_IN_FRAMEWORK_HEADER = YES;
				CLANG_WARN_RANGE_LOOP_ANALYSIS = YES;
				CLANG_WARN_STRICT_PROTOTYPES = YES;
				CLANG_WARN_SUSPICIOUS_MOVE = YES;
				CLANG_WARN_UNGUARDED_AVAILABILITY = YES_AGGRESSIVE;
				CLANG_WARN_UNREACHABLE_CODE = YES;
				CLANG_WARN__DUPLICATE_METHOD_MATCH = YES;
				COPY_PHASE_STRIP = NO;
				DEBUG_INFORMATION_FORMAT = dwarf;
				ENABLE_STRICT_OBJC_MSGSEND = YES;
				ENABLE_TESTABILITY = YES;
				ENABLE_USER_SCRIPT_SANDBOXING = YES;
				GCC_C_LANGUAGE_STANDARD = gnu17;
				GCC_DYNAMIC_NO_PIC = NO;
				GCC_NO_COMMON_BLOCKS = YES;
				GCC_OPTIMIZATION_LEVEL = 0;
				GCC_PREPROCESSOR_DEFINITIONS = (
					"DEBUG=1",
					"$(inherited)",
				);
				GCC_WARN_64_TO_32_BIT_CONVERSION = YES;
				GCC_WARN_ABOUT_RETURN_TYPE = YES_ERROR;
				GCC_WARN_UNDECLARED_SELECTOR = YES;
				GCC_WARN_UNINITIALIZED_AUTOS = YES_AGGRESSIVE;
				GCC_WARN_UNUSED_FUNCTION = YES;
				GCC_WARN_UNUSED_VARIABLE = YES;
				IPHONEOS_DEPLOYMENT_TARGET = 17.4;
				LOCALIZATION_PREFERS_STRING_CATALOGS = YES;
				MTL_ENABLE_DEBUG_INFO = INCLUDE_SOURCE;
				MTL_FAST_MATH = YES;
				ONLY_ACTIVE_ARCH = YES;
				SDKROOT = iphoneos;
				SWIFT_ACTIVE_COMPILATION_CONDITIONS = "DEBUG $(inherited)";
				SWIFT_OPTIMIZATION_LEVEL = "-Onone";
			};
			name = Debug;
		};
		2DE71CA42C94784500176C01 /* Release */ = {
			isa = XCBuildConfiguration;
			buildSettings = {
				ALWAYS_SEARCH_USER_PATHS = NO;
				ASSETCATALOG_COMPILER_GENERATE_SWIFT_ASSET_SYMBOL_EXTENSIONS = YES;
				CLANG_ANALYZER_NONNULL = YES;
				CLANG_ANALYZER_NUMBER_OBJECT_CONVERSION = YES_AGGRESSIVE;
				CLANG_CXX_LANGUAGE_STANDARD = "gnu++20";
				CLANG_ENABLE_MODULES = YES;
				CLANG_ENABLE_OBJC_ARC = YES;
				CLANG_ENABLE_OBJC_WEAK = YES;
				CLANG_WARN_BLOCK_CAPTURE_AUTORELEASING = YES;
				CLANG_WARN_BOOL_CONVERSION = YES;
				CLANG_WARN_COMMA = YES;
				CLANG_WARN_CONSTANT_CONVERSION = YES;
				CLANG_WARN_DEPRECATED_OBJC_IMPLEMENTATIONS = YES;
				CLANG_WARN_DIRECT_OBJC_ISA_USAGE = YES_ERROR;
				CLANG_WARN_DOCUMENTATION_COMMENTS = YES;
				CLANG_WARN_EMPTY_BODY = YES;
				CLANG_WARN_ENUM_CONVERSION = YES;
				CLANG_WARN_INFINITE_RECURSION = YES;
				CLANG_WARN_INT_CONVERSION = YES;
				CLANG_WARN_NON_LITERAL_NULL_CONVERSION = YES;
				CLANG_WARN_OBJC_IMPLICIT_RETAIN_SELF = YES;
				CLANG_WARN_OBJC_LITERAL_CONVERSION = YES;
				CLANG_WARN_OBJC_ROOT_CLASS = YES_ERROR;
				CLANG_WARN_QUOTED_INCLUDE_IN_FRAMEWORK_HEADER = YES;
				CLANG_WARN_RANGE_LOOP_ANALYSIS = YES;
				CLANG_WARN_STRICT_PROTOTYPES = YES;
				CLANG_WARN_SUSPICIOUS_MOVE = YES;
				CLANG_WARN_UNGUARDED_AVAILABILITY = YES_AGGRESSIVE;
				CLANG_WARN_UNREACHABLE_CODE = YES;
				CLANG_WARN__DUPLICATE_METHOD_MATCH = YES;
				COPY_PHASE_STRIP = NO;
				DEBUG_INFORMATION_FORMAT = "dwarf-with-dsym";
				ENABLE_NS_ASSERTIONS = NO;
				ENABLE_STRICT_OBJC_MSGSEND = YES;
				ENABLE_USER_SCRIPT_SANDBOXING = YES;
				GCC_C_LANGUAGE_STANDARD = gnu17;
				GCC_NO_COMMON_BLOCKS = YES;
				GCC_WARN_64_TO_32_BIT_CONVERSION = YES;
				GCC_WARN_ABOUT_RETURN_TYPE = YES_ERROR;
				GCC_WARN_UNDECLARED_SELECTOR = YES;
				GCC_WARN_UNINITIALIZED_AUTOS = YES_AGGRESSIVE;
				GCC_WARN_UNUSED_FUNCTION = YES;
				GCC_WARN_UNUSED_VARIABLE = YES;
				IPHONEOS_DEPLOYMENT_TARGET = 17.4;
				LOCALIZATION_PREFERS_STRING_CATALOGS = YES;
				MTL_ENABLE_DEBUG_INFO = NO;
				MTL_FAST_MATH = YES;
				SDKROOT = iphoneos;
				SWIFT_COMPILATION_MODE = wholemodule;
				VALIDATE_PRODUCT = YES;
			};
			name = Release;
		};
		2DE71CA62C94784500176C01 /* Debug */ = {
			isa = XCBuildConfiguration;
			buildSettings = {
				ASSETCATALOG_COMPILER_APPICON_NAME = AppIcon;
				ASSETCATALOG_COMPILER_GLOBAL_ACCENT_COLOR_NAME = AccentColor;
				CODE_SIGN_STYLE = Automatic;
				CURRENT_PROJECT_VERSION = 1;
				DEVELOPMENT_ASSET_PATHS = "\"TestSPMActions/Preview Content\"";
				DEVELOPMENT_TEAM = UQN7GH636G;
				ENABLE_PREVIEWS = YES;
				GENERATE_INFOPLIST_FILE = YES;
				INFOPLIST_KEY_UIApplicationSceneManifest_Generation = YES;
				INFOPLIST_KEY_UIApplicationSupportsIndirectInputEvents = YES;
				INFOPLIST_KEY_UILaunchScreen_Generation = YES;
				INFOPLIST_KEY_UISupportedInterfaceOrientations_iPad = "UIInterfaceOrientationPortrait UIInterfaceOrientationPortraitUpsideDown UIInterfaceOrientationLandscapeLeft UIInterfaceOrientationLandscapeRight";
				INFOPLIST_KEY_UISupportedInterfaceOrientations_iPhone = "UIInterfaceOrientationPortrait UIInterfaceOrientationLandscapeLeft UIInterfaceOrientationLandscapeRight";
				LD_RUNPATH_SEARCH_PATHS = (
					"$(inherited)",
					"@executable_path/Frameworks",
				);
				MARKETING_VERSION = 1.0;
				PRODUCT_BUNDLE_IDENTIFIER = com.tuffytiffany.TestSPMActions;
				PRODUCT_NAME = "$(TARGET_NAME)";
				SWIFT_EMIT_LOC_STRINGS = YES;
				SWIFT_VERSION = 5.0;
				TARGETED_DEVICE_FAMILY = "1,2";
			};
			name = Debug;
		};
		2DE71CA72C94784500176C01 /* Release */ = {
			isa = XCBuildConfiguration;
			buildSettings = {
				ASSETCATALOG_COMPILER_APPICON_NAME = AppIcon;
				ASSETCATALOG_COMPILER_GLOBAL_ACCENT_COLOR_NAME = AccentColor;
				CODE_SIGN_STYLE = Automatic;
				CURRENT_PROJECT_VERSION = 1;
				DEVELOPMENT_ASSET_PATHS = "\"TestSPMActions/Preview Content\"";
				DEVELOPMENT_TEAM = UQN7GH636G;
				ENABLE_PREVIEWS = YES;
				GENERATE_INFOPLIST_FILE = YES;
				INFOPLIST_KEY_UIApplicationSceneManifest_Generation = YES;
				INFOPLIST_KEY_UIApplicationSupportsIndirectInputEvents = YES;
				INFOPLIST_KEY_UILaunchScreen_Generation = YES;
				INFOPLIST_KEY_UISupportedInterfaceOrientations_iPad = "UIInterfaceOrientationPortrait UIInterfaceOrientationPortraitUpsideDown UIInterfaceOrientationLandscapeLeft UIInterfaceOrientationLandscapeRight";
				INFOPLIST_KEY_UISupportedInterfaceOrientations_iPhone = "UIInterfaceOrientationPortrait UIInterfaceOrientationLandscapeLeft UIInterfaceOrientationLandscapeRight";
				LD_RUNPATH_SEARCH_PATHS = (
					"$(inherited)",
					"@executable_path/Frameworks",
				);
				MARKETING_VERSION = 1.0;
				PRODUCT_BUNDLE_IDENTIFIER = com.tuffytiffany.TestSPMActions;
				PRODUCT_NAME = "$(TARGET_NAME)";
				SWIFT_EMIT_LOC_STRINGS = YES;
				SWIFT_VERSION = 5.0;
				TARGETED_DEVICE_FAMILY = "1,2";
			};
			name = Release;
		};
		2DE71CA92C94784500176C01 /* Debug */ = {
			isa = XCBuildConfiguration;
			buildSettings = {
				ALWAYS_EMBED_SWIFT_STANDARD_LIBRARIES = YES;
				BUNDLE_LOADER = "$(TEST_HOST)";
				CODE_SIGN_STYLE = Automatic;
				CURRENT_PROJECT_VERSION = 1;
				DEVELOPMENT_TEAM = UQN7GH636G;
				GENERATE_INFOPLIST_FILE = YES;
				IPHONEOS_DEPLOYMENT_TARGET = 17.4;
				MARKETING_VERSION = 1.0;
				PRODUCT_BUNDLE_IDENTIFIER = com.tuffytiffany.TestSPMActionsTests;
				PRODUCT_NAME = "$(TARGET_NAME)";
				SWIFT_EMIT_LOC_STRINGS = NO;
				SWIFT_VERSION = 5.0;
				TARGETED_DEVICE_FAMILY = "1,2";
				TEST_HOST = "$(BUILT_PRODUCTS_DIR)/TestSPMActions.app/$(BUNDLE_EXECUTABLE_FOLDER_PATH)/TestSPMActions";
			};
			name = Debug;
		};
		2DE71CAA2C94784500176C01 /* Release */ = {
			isa = XCBuildConfiguration;
			buildSettings = {
				ALWAYS_EMBED_SWIFT_STANDARD_LIBRARIES = YES;
				BUNDLE_LOADER = "$(TEST_HOST)";
				CODE_SIGN_STYLE = Automatic;
				CURRENT_PROJECT_VERSION = 1;
				DEVELOPMENT_TEAM = UQN7GH636G;
				GENERATE_INFOPLIST_FILE = YES;
				IPHONEOS_DEPLOYMENT_TARGET = 17.4;
				MARKETING_VERSION = 1.0;
				PRODUCT_BUNDLE_IDENTIFIER = com.tuffytiffany.TestSPMActionsTests;
				PRODUCT_NAME = "$(TARGET_NAME)";
				SWIFT_EMIT_LOC_STRINGS = NO;
				SWIFT_VERSION = 5.0;
				TARGETED_DEVICE_FAMILY = "1,2";
				TEST_HOST = "$(BUILT_PRODUCTS_DIR)/TestSPMActions.app/$(BUNDLE_EXECUTABLE_FOLDER_PATH)/TestSPMActions";
			};
			name = Release;
		};
		2DE71CAC2C94784500176C01 /* Debug */ = {
			isa = XCBuildConfiguration;
			buildSettings = {
				ALWAYS_EMBED_SWIFT_STANDARD_LIBRARIES = YES;
				CODE_SIGN_STYLE = Automatic;
				CURRENT_PROJECT_VERSION = 1;
				DEVELOPMENT_TEAM = UQN7GH636G;
				GENERATE_INFOPLIST_FILE = YES;
				MARKETING_VERSION = 1.0;
				PRODUCT_BUNDLE_IDENTIFIER = com.tuffytiffany.TestSPMActionsUITests;
				PRODUCT_NAME = "$(TARGET_NAME)";
				SWIFT_EMIT_LOC_STRINGS = NO;
				SWIFT_VERSION = 5.0;
				TARGETED_DEVICE_FAMILY = "1,2";
				TEST_TARGET_NAME = TestSPMActions;
			};
			name = Debug;
		};
		2DE71CAD2C94784500176C01 /* Release */ = {
			isa = XCBuildConfiguration;
			buildSettings = {
				ALWAYS_EMBED_SWIFT_STANDARD_LIBRARIES = YES;
				CODE_SIGN_STYLE = Automatic;
				CURRENT_PROJECT_VERSION = 1;
				DEVELOPMENT_TEAM = UQN7GH636G;
				GENERATE_INFOPLIST_FILE = YES;
				MARKETING_VERSION = 1.0;
				PRODUCT_BUNDLE_IDENTIFIER = com.tuffytiffany.TestSPMActionsUITests;
				PRODUCT_NAME = "$(TARGET_NAME)";
				SWIFT_EMIT_LOC_STRINGS = NO;
				SWIFT_VERSION = 5.0;
				TARGETED_DEVICE_FAMILY = "1,2";
				TEST_TARGET_NAME = TestSPMActions;
			};
			name = Release;
		};
/* End XCBuildConfiguration section */

/* Begin XCConfigurationList section */
		2DE71C7C2C94784300176C01 /* Build configuration list for PBXProject "TestSPMActions" */ = {
			isa = XCConfigurationList;
			buildConfigurations = (
				2DE71CA32C94784500176C01 /* Debug */,
				2DE71CA42C94784500176C01 /* Release */,
			);
			defaultConfigurationIsVisible = 0;
			defaultConfigurationName = Release;
		};
		2DE71CA52C94784500176C01 /* Build configuration list for PBXNativeTarget "TestSPMActions" */ = {
			isa = XCConfigurationList;
			buildConfigurations = (
				2DE71CA62C94784500176C01 /* Debug */,
				2DE71CA72C94784500176C01 /* Release */,
			);
			defaultConfigurationIsVisible = 0;
			defaultConfigurationName = Release;
		};
		2DE71CA82C94784500176C01 /* Build configuration list for PBXNativeTarget "TestSPMActionsTests" */ = {
			isa = XCConfigurationList;
			buildConfigurations = (
				2DE71CA92C94784500176C01 /* Debug */,
				2DE71CAA2C94784500176C01 /* Release */,
			);
			defaultConfigurationIsVisible = 0;
			defaultConfigurationName = Release;
		};
		2DE71CAB2C94784500176C01 /* Build configuration list for PBXNativeTarget "TestSPMActionsUITests" */ = {
			isa = XCConfigurationList;
			buildConfigurations = (
				2DE71CAC2C94784500176C01 /* Debug */,
				2DE71CAD2C94784500176C01 /* Release */,
			);
			defaultConfigurationIsVisible = 0;
			defaultConfigurationName = Release;
		};
/* End XCConfigurationList section */

/* Begin XCRemoteSwiftPackageReference section */
		2DE71CB32C94791700176C01 /* XCRemoteSwiftPackageReference "swift-collections" */ = {
			isa = XCRemoteSwiftPackageReference;
			repositoryURL = "https://github.com/apple/swift-collections.git";
			requirement = {
				kind = upToNextMajorVersion;
				minimumVersion = 1.1.3;
			};
		};
/* End XCRemoteSwiftPackageReference section */
	};
	rootObject = 2DE71C792C94784300176C01 /* Project object */;
}
